
Microsoft Visual Studio Solution File, Format Version 12.00
# Visual Studio Version 17
VisualStudioVersion = 17.11.35327.3
MinimumVisualStudioVersion = 10.0.40219.1
Project("{FAE04EC0-301F-11D3-BF4B-00C04F79EFBC}") = "SmartphoneRentStore", "SmartphoneRentStore\SmartphoneRentStore.csproj", "{BF004517-3EA1-468B-851D-0673FACD31A6}"
EndProject
Global
	GlobalSection(SolutionConfigurationPlatforms) = preSolution
		Debug|Any CPU = Debug|Any CPU
		Release|Any CPU = Release|Any CPU
	EndGlobalSection
	GlobalSection(ProjectConfigurationPlatforms) = postSolution
		{BF004517-3EA1-468B-851D-0673FACD31A6}.Debug|Any CPU.ActiveCfg = Debug|Any CPU
		{BF004517-3EA1-468B-851D-0673FACD31A6}.Debug|Any CPU.Build.0 = Debug|Any CPU
		{BF004517-3EA1-468B-851D-0673FACD31A6}.Release|Any CPU.ActiveCfg = Release|Any CPU
		{BF004517-3EA1-468B-851D-0673FACD31A6}.Release|Any CPU.Build.0 = Release|Any CPU
	EndGlobalSection
	GlobalSection(SolutionProperties) = preSolution
		HideSolutionNode = FALSE
	EndGlobalSection
	GlobalSection(ExtensibilityGlobals) = postSolution
		SolutionGuid = {EA4C85BC-0931-423C-A960-40FD32BAA369}
	EndGlobalSection
EndGlobal
